
Microsoft Visual Studio Solution File, Format Version 12.00
# Visual Studio Version 16
VisualStudioVersion = 16.0.30517.126
MinimumVisualStudioVersion = 10.0.40219.1
Project("{8BC9CEB8-8B4A-11D0-8D11-00A0C91BC942}") = "Academy", "Academy\Academy.vcxproj", "{7FE4E905-CB02-4603-BD67-AC3AF21C6AD4}"
EndProject
Global
	GlobalSection(SolutionConfigurationPlatforms) = preSolution
		Debug|x64 = Debug|x64
		Debug|x86 = Debug|x86
		Release|x64 = Release|x64
		Release|x86 = Release|x86
	EndGlobalSection
	GlobalSection(ProjectConfigurationPlatforms) = postSolution
		{7FE4E905-CB02-4603-BD67-AC3AF21C6AD4}.Debug|x64.ActiveCfg = Debug|x64
		{7FE4E905-CB02-4603-BD67-AC3AF21C6AD4}.Debug|x64.Build.0 = Debug|x64
		{7FE4E905-CB02-4603-BD67-AC3AF21C6AD4}.Debug|x86.ActiveCfg = Debug|Win32
		{7FE4E905-CB02-4603-BD67-AC3AF21C6AD4}.Debug|x86.Build.0 = Debug|Win32
		{7FE4E905-CB02-4603-BD67-AC3AF21C6AD4}.Release|x64.ActiveCfg = Release|x64
		{7FE4E905-CB02-4603-BD67-AC3AF21C6AD4}.Release|x64.Build.0 = Release|x64
		{7FE4E905-CB02-4603-BD67-AC3AF21C6AD4}.Release|x86.ActiveCfg = Release|Win32
		{7FE4E905-CB02-4603-BD67-AC3AF21C6AD4}.Release|x86.Build.0 = Release|Win32
	EndGlobalSection
	GlobalSection(SolutionProperties) = preSolution
		HideSolutionNode = FALSE
	EndGlobalSection
	GlobalSection(ExtensibilityGlobals) = postSolution
		SolutionGuid = {109A3F65-A566-46C2-835E-BFBE16787CB1}
	EndGlobalSection
EndGlobal
